// !$*UTF8*$!
{
	archiveVersion = 1;
	classes = {
	};
	objectVersion = 48;
	objects = {

/* Begin PBXBuildFile section */
		40A9EF3D20629113007ADFCA /* AppDelegate.swift in Sources */ = {isa = PBXBuildFile; fileRef = 40A9EF3C20629113007ADFCA /* AppDelegate.swift */; };
		40A9EF3F20629113007ADFCA /* ViewController.swift in Sources */ = {isa = PBXBuildFile; fileRef = 40A9EF3E20629113007ADFCA /* ViewController.swift */; };
		40A9EF4220629113007ADFCA /* Main.storyboard in Resources */ = {isa = PBXBuildFile; fileRef = 40A9EF4020629113007ADFCA /* Main.storyboard */; };
		40A9EF4420629113007ADFCA /* Assets.xcassets in Resources */ = {isa = PBXBuildFile; fileRef = 40A9EF4320629113007ADFCA /* Assets.xcassets */; };
		40A9EF4720629113007ADFCA /* LaunchScreen.storyboard in Resources */ = {isa = PBXBuildFile; fileRef = 40A9EF4520629113007ADFCA /* LaunchScreen.storyboard */; };
		40A9EF4F206294D2007ADFCA /* GXInputLimitTextField.swift in Sources */ = {isa = PBXBuildFile; fileRef = 40A9EF4E206294D2007ADFCA /* GXInputLimitTextField.swift */; };
/* End PBXBuildFile section */

/* Begin PBXFileReference section */
		40A9EF3920629113007ADFCA /* GXInputLimitTextField.app */ = {isa = PBXFileReference; explicitFileType = wrapper.application; includeInIndex = 0; path = GXInputLimitTextField.app; sourceTree = BUILT_PRODUCTS_DIR; };
		40A9EF3C20629113007ADFCA /* AppDelegate.swift */ = {isa = PBXFileReference; lastKnownFileType = sourcecode.swift; path = AppDelegate.swift; sourceTree = "<group>"; };
		40A9EF3E20629113007ADFCA /* ViewController.swift */ = {isa = PBXFileReference; lastKnownFileType = sourcecode.swift; path = ViewController.swift; sourceTree = "<group>"; };
		40A9EF4120629113007ADFCA /* Base */ = {isa = PBXFileReference; lastKnownFileType = file.storyboard; name = Base; path = Base.lproj/Main.storyboard; sourceTree = "<group>"; };
		40A9EF4320629113007ADFCA /* Assets.xcassets */ = {isa = PBXFileReference; lastKnownFileType = folder.assetcatalog; path = Assets.xcassets; sourceTree = "<group>"; };
		40A9EF4620629113007ADFCA /* Base */ = {isa = PBXFileReference; lastKnownFileType = file.storyboard; name = Base; path = Base.lproj/LaunchScreen.storyboard; sourceTree = "<group>"; };
		40A9EF4820629113007ADFCA /* Info.plist */ = {isa = PBXFileReference; lastKnownFileType = text.plist.xml; path = Info.plist; sourceTree = "<group>"; };
		40A9EF4E206294D2007ADFCA /* GXInputLimitTextField.swift */ = {isa = PBXFileReference; lastKnownFileType = sourcecode.swift; path = GXInputLimitTextField.swift; sourceTree = "<group>"; };
/* End PBXFileReference section */

/* Begin PBXFrameworksBuildPhase section */
		40A9EF3620629113007ADFCA /* Frameworks */ = {
			isa = PBXFrameworksBuildPhase;
			buildActionMask = 2147483647;
			files = (
			);
			runOnlyForDeploymentPostprocessing = 0;
		};
/* End PBXFrameworksBuildPhase section */

/* Begin PBXGroup section */
		40A9EF3020629113007ADFCA = {
			isa = PBXGroup;
			children = (
				40A9EF3B20629113007ADFCA /* GXInputLimitTextField */,
				40A9EF3A20629113007ADFCA /* Products */,
			);
			sourceTree = "<group>";
		};
		40A9EF3A20629113007ADFCA /* Products */ = {
			isa = PBXGroup;
			children = (
				40A9EF3920629113007ADFCA /* GXInputLimitTextField.app */,
			);
			name = Products;
			sourceTree = "<group>";
		};
		40A9EF3B20629113007ADFCA /* GXInputLimitTextField */ = {
			isa = PBXGroup;
			children = (
				40A9EF3C20629113007ADFCA /* AppDelegate.swift */,
				40A9EF3E20629113007ADFCA /* ViewController.swift */,
				40A9EF4E206294D2007ADFCA /* GXInputLimitTextField.swift */,
				40A9EF4020629113007ADFCA /* Main.storyboard */,
				40A9EF4320629113007ADFCA /* Assets.xcassets */,
				40A9EF4520629113007ADFCA /* LaunchScreen.storyboard */,
				40A9EF4820629113007ADFCA /* Info.plist */,
			);
			path = GXInputLimitTextField;
			sourceTree = "<group>";
		};
/* End PBXGroup section */

/* Begin PBXNativeTarget section */
		40A9EF3820629113007ADFCA /* GXInputLimitTextField */ = {
			isa = PBXNativeTarget;
			buildConfigurationList = 40A9EF4B20629113007ADFCA /* Build configuration list for PBXNativeTarget "GXInputLimitTextField" */;
			buildPhases = (
				40A9EF3520629113007ADFCA /* Sources */,
				40A9EF3620629113007ADFCA /* Frameworks */,
				40A9EF3720629113007ADFCA /* Resources */,
			);
			buildRules = (
			);
			dependencies = (
			);
			name = GXInputLimitTextField;
			productName = GXInputLimitTextField;
			productReference = 40A9EF3920629113007ADFCA /* GXInputLimitTextField.app */;
			productType = "com.apple.product-type.application";
		};
/* End PBXNativeTarget section */

/* Begin PBXProject section */
		40A9EF3120629113007ADFCA /* Project object */ = {
			isa = PBXProject;
			attributes = {
				LastSwiftUpdateCheck = 0920;
				LastUpgradeCheck = 0920;
				ORGANIZATIONNAME = guangxiao;
				TargetAttributes = {
					40A9EF3820629113007ADFCA = {
						CreatedOnToolsVersion = 9.2;
						ProvisioningStyle = Automatic;
					};
				};
			};
			buildConfigurationList = 40A9EF3420629113007ADFCA /* Build configuration list for PBXProject "GXInputLimitTextField" */;
			compatibilityVersion = "Xcode 8.0";
			developmentRegion = en;
			hasScannedForEncodings = 0;
			knownRegions = (
				en,
				Base,
			);
			mainGroup = 40A9EF3020629113007ADFCA;
			productRefGroup = 40A9EF3A20629113007ADFCA /* Products */;
			projectDirPath = "";
			projectRoot = "";
			targets = (
				40A9EF3820629113007ADFCA /* GXInputLimitTextField */,
			);
		};
/* End PBXProject section */

/* Begin PBXResourcesBuildPhase section */
		40A9EF3720629113007ADFCA /* Resources */ = {
			isa = PBXResourcesBuildPhase;
			buildActionMask = 2147483647;
			files = (
				40A9EF4720629113007ADFCA /* LaunchScreen.storyboard in Resources */,
				40A9EF4420629113007ADFCA /* Assets.xcassets in Resources */,
				40A9EF4220629113007ADFCA /* Main.storyboard in Resources */,
			);
			runOnlyForDeploymentPostprocessing = 0;
		};
/* End PBXResourcesBuildPhase section */

/* Begin PBXSourcesBuildPhase section */
		40A9EF3520629113007ADFCA /* Sources */ = {
			isa = PBXSourcesBuildPhase;
			buildActionMask = 2147483647;
			files = (
				40A9EF3F20629113007ADFCA /* ViewController.swift in Sources */,
				40A9EF4F206294D2007ADFCA /* GXInputLimitTextField.swift in Sources */,
				40A9EF3D20629113007ADFCA /* AppDelegate.swift in Sources */,
			);
			runOnlyForDeploymentPostprocessing = 0;
		};
/* End PBXSourcesBuildPhase section */

/* Begin PBXVariantGroup section */
		40A9EF4020629113007ADFCA /* Main.storyboard */ = {
			isa = PBXVariantGroup;
			children = (
				40A9EF4120629113007ADFCA /* Base */,
			);
			name = Main.storyboard;
			sourceTree = "<group>";
		};
		40A9EF4520629113007ADFCA /* LaunchScreen.storyboard */ = {
			isa = PBXVariantGroup;
			children = (
				40A9EF4620629113007ADFCA /* Base */,
			);
			name = LaunchScreen.storyboard;
			sourceTree = "<group>";
		};
/* End PBXVariantGroup section */

/* Begin XCBuildConfiguration section */
		40A9EF4920629113007ADFCA /* Debug */ = {
			isa = XCBuildConfiguration;
			buildSettings = {
				ALWAYS_SEARCH_USER_PATHS = NO;
				CLANG_ANALYZER_NONNULL = YES;
				CLANG_ANALYZER_NUMBER_OBJECT_CONVERSION = YES_AGGRESSIVE;
				CLANG_CXX_LANGUAGE_STANDARD = "gnu++14";
				CLANG_CXX_LIBRARY = "libc++";
				CLANG_ENABLE_MODULES = YES;
				CLANG_ENABLE_OBJC_ARC = YES;
				CLANG_WARN_BLOCK_CAPTURE_AUTORELEASING = YES;
				CLANG_WARN_BOOL_CONVERSION = YES;
				CLANG_WARN_COMMA = YES;
				CLANG_WARN_CONSTANT_CONVERSION = YES;
				CLANG_WARN_DIRECT_OBJC_ISA_USAGE = YES_ERROR;
				CLANG_WARN_DOCUMENTATION_COMMENTS = YES;
				CLANG_WARN_EMPTY_BODY = YES;
				CLANG_WARN_ENUM_CONVERSION = YES;
				CLANG_WARN_INFINITE_RECURSION = YES;
				CLANG_WARN_INT_CONVERSION = YES;
				CLANG_WARN_NON_LITERAL_NULL_CONVERSION = YES;
				CLANG_WARN_OBJC_LITERAL_CONVERSION = YES;
				CLANG_WARN_OBJC_ROOT_CLASS = YES_ERROR;
				CLANG_WARN_RANGE_LOOP_ANALYSIS = YES;
				CLANG_WARN_STRICT_PROTOTYPES = YES;
				CLANG_WARN_SUSPICIOUS_MOVE = YES;
				CLANG_WARN_UNGUARDED_AVAILABILITY = YES_AGGRESSIVE;
				CLANG_WARN_UNREACHABLE_CODE = YES;
				CLANG_WARN__DUPLICATE_METHOD_MATCH = YES;
				CODE_SIGN_IDENTITY = "iPhone Developer";
				COPY_PHASE_STRIP = NO;
				DEBUG_INFORMATION_FORMAT = dwarf;
				ENABLE_STRICT_OBJC_MSGSEND = YES;
				ENABLE_TESTABILITY = YES;
				GCC_C_LANGUAGE_STANDARD = gnu11;
				GCC_DYNAMIC_NO_PIC = NO;
				GCC_NO_COMMON_BLOCKS = YES;
				GCC_OPTIMIZATION_LEVEL = 0;
				GCC_PREPROCESSOR_DEFINITIONS = (
					"DEBUG=1",
					"$(inherited)",
				);
				GCC_WARN_64_TO_32_BIT_CONVERSION = YES;
				GCC_WARN_ABOUT_RETURN_TYPE = YES_ERROR;
				GCC_WARN_UNDECLARED_SELECTOR = YES;
				GCC_WARN_UNINITIALIZED_AUTOS = YES_AGGRESSIVE;
				GCC_WARN_UNUSED_FUNCTION = YES;
				GCC_WARN_UNUSED_VARIABLE = YES;
				IPHONEOS_DEPLOYMENT_TARGET = 11.2;
				MTL_ENABLE_DEBUG_INFO = YES;
				ONLY_ACTIVE_ARCH = YES;
				SDKROOT = iphoneos;
				SWIFT_ACTIVE_COMPILATION_CONDITIONS = DEBUG;
				SWIFT_OPTIMIZATION_LEVEL = "-Onone";
			};
			name = Debug;
		};
		40A9EF4A20629113007ADFCA /* Release */ = {
			isa = XCBuildConfiguration;
			buildSettings = {
				ALWAYS_SEARCH_USER_PATHS = NO;
				CLANG_ANALYZER_NONNULL = YES;
				CLANG_ANALYZER_NUMBER_OBJECT_CONVERSION = YES_AGGRESSIVE;
				CLANG_CXX_LANGUAGE_STANDARD = "gnu++14";
				CLANG_CXX_LIBRARY = "libc++";
				CLANG_ENABLE_MODULES = YES;
				CLANG_ENABLE_OBJC_ARC = YES;
				CLANG_WARN_BLOCK_CAPTURE_AUTORELEASING = YES;
				CLANG_WARN_BOOL_CONVERSION = YES;
				CLANG_WARN_COMMA = YES;
				CLANG_WARN_CONSTANT_CONVERSION = YES;
				CLANG_WARN_DIRECT_OBJC_ISA_USAGE = YES_ERROR;
				CLANG_WARN_DOCUMENTATION_COMMENTS = YES;
				CLANG_WARN_EMPTY_BODY = YES;
				CLANG_WARN_ENUM_CONVERSION = YES;
				CLANG_WARN_INFINITE_RECURSION = YES;
				CLANG_WARN_INT_CONVERSION = YES;
				CLANG_WARN_NON_LITERAL_NULL_CONVERSION = YES;
				CLANG_WARN_OBJC_LITERAL_CONVERSION = YES;
				CLANG_WARN_OBJC_ROOT_CLASS = YES_ERROR;
				CLANG_WARN_RANGE_LOOP_ANALYSIS = YES;
				CLANG_WARN_STRICT_PROTOTYPES = YES;
				CLANG_WARN_SUSPICIOUS_MOVE = YES;
				CLANG_WARN_UNGUARDED_AVAILABILITY = YES_AGGRESSIVE;
				CLANG_WARN_UNREACHABLE_CODE = YES;
				CLANG_WARN__DUPLICATE_METHOD_MATCH = YES;
				CODE_SIGN_IDENTITY = "iPhone Developer";
				COPY_PHASE_STRIP = NO;
				DEBUG_INFORMATION_FORMAT = "dwarf-with-dsym";
				ENABLE_NS_ASSERTIONS = NO;
				ENABLE_STRICT_OBJC_MSGSEND = YES;
				GCC_C_LANGUAGE_STANDARD = gnu11;
				GCC_NO_COMMON_BLOCKS = YES;
				GCC_WARN_64_TO_32_BIT_CONVERSION = YES;
				GCC_WARN_ABOUT_RETURN_TYPE = YES_ERROR;
				GCC_WARN_UNDECLARED_SELECTOR = YES;
				GCC_WARN_UNINITIALIZED_AUTOS = YES_AGGRESSIVE;
				GCC_WARN_UNUSED_FUNCTION = YES;
				GCC_WARN_UNUSED_VARIABLE = YES;
				IPHONEOS_DEPLOYMENT_TARGET = 11.2;
				MTL_ENABLE_DEBUG_INFO = NO;
				SDKROOT = iphoneos;
				SWIFT_OPTIMIZATION_LEVEL = "-Owholemodule";
				VALIDATE_PRODUCT = YES;
			};
			name = Release;
		};
		40A9EF4C20629113007ADFCA /* Debug */ = {
			isa = XCBuildConfiguration;
			buildSettings = {
				ASSETCATALOG_COMPILER_APPICON_NAME = AppIcon;
				CODE_SIGN_STYLE = Automatic;
				DEVELOPMENT_TEAM = KF8YR3H2H3;
				INFOPLIST_FILE = GXInputLimitTextField/Info.plist;
				LD_RUNPATH_SEARCH_PATHS = "$(inherited) @executable_path/Frameworks";
				PRODUCT_BUNDLE_IDENTIFIER = guangxiao.GXInputLimitTextField;
				PRODUCT_NAME = "$(TARGET_NAME)";
				SWIFT_VERSION = 4.0;
				TARGETED_DEVICE_FAMILY = "1,2";
			};
			name = Debug;
		};
		40A9EF4D20629113007ADFCA /* Release */ = {
			isa = XCBuildConfiguration;
			buildSettings = {
				ASSETCATALOG_COMPILER_APPICON_NAME = AppIcon;
				CODE_SIGN_STYLE = Automatic;
				DEVELOPMENT_TEAM = KF8YR3H2H3;
				INFOPLIST_FILE = GXInputLimitTextField/Info.plist;
				LD_RUNPATH_SEARCH_PATHS = "$(inherited) @executable_path/Frameworks";
				PRODUCT_BUNDLE_IDENTIFIER = guangxiao.GXInputLimitTextField;
				PRODUCT_NAME = "$(TARGET_NAME)";
				SWIFT_VERSION = 4.0;
				TARGETED_DEVICE_FAMILY = "1,2";
			};
			name = Release;
		};
/* End XCBuildConfiguration section */

/* Begin XCConfigurationList section */
		40A9EF3420629113007ADFCA /* Build configuration list for PBXProject "GXInputLimitTextField" */ = {
			isa = XCConfigurationList;
			buildConfigurations = (
				40A9EF4920629113007ADFCA /* Debug */,
				40A9EF4A20629113007ADFCA /* Release */,
			);
			defaultConfigurationIsVisible = 0;
			defaultConfigurationName = Release;
		};
		40A9EF4B20629113007ADFCA /* Build configuration list for PBXNativeTarget "GXInputLimitTextField" */ = {
			isa = XCConfigurationList;
			buildConfigurations = (
				40A9EF4C20629113007ADFCA /* Debug */,
				40A9EF4D20629113007ADFCA /* Release */,
			);
			defaultConfigurationIsVisible = 0;
			defaultConfigurationName = Release;
		};
/* End XCConfigurationList section */
	};
	rootObject = 40A9EF3120629113007ADFCA /* Project object */;
}
